{
  "name": "untitled",
  "version": "0.0.0",
  "lockfileVersion": 1,
  "requires": true,
  "dependencies": {
    "acorn-globals": {
      "version": "1.0.9",
      "resolved": "http://registry.npm.taobao.org/acorn-globals/download/acorn-globals-1.0.9.tgz",
      "dependencies": {
        "acorn": {
          "version": "http://registry.npm.taobao.org/acorn/download/acorn-2.7.0.tgz",
          "bundled": true
        }
      }
    },
    "amdefine": {
      "version": "1.0.1",
      "resolved": "http://registry.npm.taobao.org/amdefine/download/amdefine-1.0.1.tgz"
    },
    "body-parser": {
      "version": "1.18.2",
      "resolved": "http://registry.npm.taobao.org/body-parser/download/body-parser-1.18.2.tgz",
      "requires": {
        "debug": "2.6.9",
        "on-finished": "2.3.0",
        "type-is": "1.6.16"
      },
      "dependencies": {
        "bytes": {
          "version": "http://registry.npm.taobao.org/bytes/download/bytes-3.0.0.tgz",
          "bundled": true
        },
        "content-type": {
          "version": "http://registry.npm.taobao.org/content-type/download/content-type-1.0.4.tgz",
          "bundled": true
        },
        "debug": {
          "version": "http://registry.npm.taobao.org/debug/download/debug-2.6.9.tgz",
          "bundled": true,
          "dependencies": {
            "ms": {
              "version": "http://registry.npm.taobao.org/ms/download/ms-2.0.0.tgz",
              "bundled": true
            }
          }
        },
        "depd": {
          "version": "http://registry.npm.taobao.org/depd/download/depd-1.1.2.tgz",
          "bundled": true
        },
        "http-errors": {
          "version": "http://registry.npm.taobao.org/http-errors/download/http-errors-1.6.2.tgz",
          "bundled": true
        },
        "iconv-lite": {
          "version": "http://registry.npm.taobao.org/iconv-lite/download/iconv-lite-0.4.19.tgz",
          "bundled": true
        },
        "on-finished": {
          "version": "http://registry.npm.taobao.org/on-finished/download/on-finished-2.3.0.tgz",
          "bundled": true,
          "dependencies": {
            "ee-first": {
              "version": "http://registry.npm.taobao.org/ee-first/download/ee-first-1.1.1.tgz",
              "bundled": true
            }
          }
        },
        "qs": {
          "version": "http://registry.npm.taobao.org/qs/download/qs-6.5.1.tgz",
          "bundled": true
        },
        "raw-body": {
          "version": "http://registry.npm.taobao.org/raw-body/download/raw-body-2.3.2.tgz",
          "bundled": true
        },
        "type-is": {
          "version": "http://registry.npm.taobao.org/type-is/download/type-is-1.6.16.tgz",
          "bundled": true
        }
      }
    },
    "busboy": {
      "version": "0.2.14",
      "resolved": "http://registry.npm.taobao.org/busboy/download/busboy-0.2.14.tgz",
      "dev": true,
      "requires": {
        "readable-stream": "1.1.14"
      },
      "dependencies": {
        "dicer": {
          "version": "http://registry.npm.taobao.org/dicer/download/dicer-0.2.5.tgz",
          "bundled": true
        },
        "isarray": {
          "version": "0.0.1",
          "resolved": "http://registry.npm.taobao.org/isarray/download/isarray-0.0.1.tgz",
          "integrity": "sha1-ihis/Kmo9Bd+Cav8YDiTmwXR7t8=",
          "dev": true
        },
        "readable-stream": {
          "version": "1.1.14",
          "resolved": "http://registry.npm.taobao.org/readable-stream/download/readable-stream-1.1.14.tgz",
          "integrity": "sha1-fPTFTvZI44EwhMY23SB54WbAgdk=",
          "dev": true,
          "requires": {
            "core-util-is": "1.0.2",
            "inherits": "2.0.3",
            "isarray": "0.0.1",
            "string_decoder": "0.10.31"
          }
        },
        "string_decoder": {
          "version": "0.10.31",
          "resolved": "http://registry.npm.taobao.org/string_decoder/download/string_decoder-0.10.31.tgz",
          "integrity": "sha1-YuIDvEF2bGwoyfyEMB2rHFMQ+pQ=",
          "dev": true
        }
      }
    },
    "clean-css": {
      "version": "3.4.28",
      "resolved": "http://registry.npm.taobao.org/clean-css/download/clean-css-3.4.28.tgz",
      "requires": {
        "source-map": "0.4.4"
      },
      "dependencies": {
        "commander": {
          "version": "http://registry.npm.taobao.org/commander/download/commander-2.8.1.tgz",
          "bundled": true
        },
        "source-map": {
          "version": "0.4.4",
          "resolved": "http://registry.npm.taobao.org/source-map/download/source-map-0.4.4.tgz",
          "integrity": "sha1-66T12pwNyZneaAMti092FzZSA2s=",
          "requires": {
            "amdefine": "1.0.1"
          }
        }
      }
    },
    "cookie-parser": {
      "version": "1.4.3",
      "resolved": "http://registry.npm.taobao.org/cookie-parser/download/cookie-parser-1.4.3.tgz",
      "dependencies": {
        "cookie": {
          "version": "http://registry.npm.taobao.org/cookie/download/cookie-0.3.1.tgz",
          "bundled": true
        },
        "cookie-signature": {
          "version": "http://registry.npm.taobao.org/cookie-signature/download/cookie-signature-1.0.6.tgz",
          "bundled": true
        }
      }
    },
    "core-util-is": {
      "version": "1.0.2",
      "resolved": "http://registry.npm.taobao.org/core-util-is/download/core-util-is-1.0.2.tgz",
      "dev": true
    },
    "crypto-js": {
      "version": "3.1.9-1",
      "resolved": "http://registry.npm.taobao.org/crypto-js/download/crypto-js-3.1.9-1.tgz",
      "integrity": "sha1-/aGedh/Ad+Af+/3G6f38WeiAbNg=",
      "dev": true
    },
    "css": {
      "version": "1.0.8",
      "resolved": "http://registry.npm.taobao.org/css/download/css-1.0.8.tgz",
      "dependencies": {
        "css-parse": {
          "version": "http://registry.npm.taobao.org/css-parse/download/css-parse-1.0.4.tgz",
          "bundled": true
        },
        "css-stringify": {
          "version": "http://registry.npm.taobao.org/css-stringify/download/css-stringify-1.0.5.tgz",
          "bundled": true
        }
      }
    },
    "debug": {
      "version": "2.6.9",
      "resolved": "http://registry.npm.taobao.org/debug/download/debug-2.6.9.tgz",
      "dependencies": {
        "ms": {
          "version": "http://registry.npm.taobao.org/ms/download/ms-2.0.0.tgz",
          "bundled": true
        }
      }
    },
    "express": {
      "version": "4.15.5",
      "resolved": "http://registry.npm.taobao.org/express/download/express-4.15.5.tgz",
      "requires": {
        "debug": "2.6.9",
        "on-finished": "2.3.0",
        "type-is": "1.6.16"
      },
      "dependencies": {
        "accepts": {
          "version": "http://registry.npm.taobao.org/accepts/download/accepts-1.3.5.tgz",
          "bundled": true,
          "dependencies": {
            "mime-types": {
              "version": "http://registry.npm.taobao.org/mime-types/download/mime-types-2.1.18.tgz"
            },
            "negotiator": {
              "version": "http://registry.npm.taobao.org/negotiator/download/negotiator-0.6.1.tgz"
            }
          }
        },
        "array-flatten": {
          "version": "http://registry.npm.taobao.org/array-flatten/download/array-flatten-1.1.1.tgz",
          "bundled": true
        },
        "content-disposition": {
          "version": "http://registry.npm.taobao.org/content-disposition/download/content-disposition-0.5.2.tgz",
          "bundled": true
        },
        "content-type": {
          "version": "http://registry.npm.taobao.org/content-type/download/content-type-1.0.4.tgz",
          "bundled": true
        },
        "cookie": {
          "version": "http://registry.npm.taobao.org/cookie/download/cookie-0.3.1.tgz",
          "bundled": true
        },
        "cookie-signature": {
          "version": "http://registry.npm.taobao.org/cookie-signature/download/cookie-signature-1.0.6.tgz",
          "bundled": true
        },
        "debug": {
          "version": "http://registry.npm.taobao.org/debug/download/debug-2.6.9.tgz",
          "bundled": true
        },
        "depd": {
          "version": "http://registry.npm.taobao.org/depd/download/depd-1.1.2.tgz",
          "bundled": true
        },
        "encodeurl": {
          "version": "http://registry.npm.taobao.org/encodeurl/download/encodeurl-1.0.2.tgz",
          "bundled": true
        },
        "escape-html": {
          "version": "http://registry.npm.taobao.org/escape-html/download/escape-html-1.0.3.tgz",
          "bundled": true
        },
        "etag": {
          "version": "http://registry.npm.taobao.org/etag/download/etag-1.8.1.tgz",
          "bundled": true
        },
        "finalhandler": {
          "version": "http://registry.npm.taobao.org/finalhandler/download/finalhandler-1.0.6.tgz",
          "bundled": true
        },
        "fresh": {
          "version": "http://registry.npm.taobao.org/fresh/download/fresh-0.5.2.tgz",
          "bundled": true
        },
        "merge-descriptors": {
          "version": "http://registry.npm.taobao.org/merge-descriptors/download/merge-descriptors-1.0.1.tgz",
          "bundled": true
        },
        "methods": {
          "version": "http://registry.npm.taobao.org/methods/download/methods-1.1.2.tgz",
          "bundled": true
        },
        "on-finished": {
          "version": "http://registry.npm.taobao.org/on-finished/download/on-finished-2.3.0.tgz",
          "bundled": true,
          "dependencies": {
            "ee-first": {
              "version": "http://registry.npm.taobao.org/ee-first/download/ee-first-1.1.1.tgz",
              "bundled": true
            }
          }
        },
        "parseurl": {
          "version": "http://registry.npm.taobao.org/parseurl/download/parseurl-1.3.2.tgz",
          "bundled": true
        },
        "path-to-regexp": {
          "version": "http://registry.npm.taobao.org/path-to-regexp/download/path-to-regexp-0.1.7.tgz",
          "bundled": true
        },
        "proxy-addr": {
          "version": "http://registry.npm.taobao.org/proxy-addr/download/proxy-addr-1.1.5.tgz",
          "bundled": true
        },
        "qs": {
          "version": "http://registry.npm.taobao.org/qs/download/qs-6.5.0.tgz",
          "bundled": true
        },
        "range-parser": {
          "version": "http://registry.npm.taobao.org/range-parser/download/range-parser-1.2.0.tgz",
          "bundled": true
        },
        "send": {
          "version": "http://registry.npm.taobao.org/send/download/send-0.15.6.tgz",
          "bundled": true
        },
        "serve-static": {
          "version": "http://registry.npm.taobao.org/serve-static/download/serve-static-1.12.6.tgz",
          "bundled": true
        },
        "setprototypeof": {
          "version": "http://registry.npm.taobao.org/setprototypeof/download/setprototypeof-1.0.3.tgz",
          "bundled": true
        },
        "statuses": {
          "version": "http://registry.npm.taobao.org/statuses/download/statuses-1.3.1.tgz",
          "bundled": true
        },
        "type-is": {
          "version": "http://registry.npm.taobao.org/type-is/download/type-is-1.6.16.tgz",
          "bundled": true,
          "dependencies": {
            "media-typer": {
              "version": "http://registry.npm.taobao.org/media-typer/download/media-typer-0.3.0.tgz",
              "bundled": true
            },
            "mime-types": {
              "version": "http://registry.npm.taobao.org/mime-types/download/mime-types-2.1.18.tgz",
              "bundled": true,
              "dependencies": {
                "mime-db": {
                  "version": "http://registry.npm.taobao.org/mime-db/download/mime-db-1.33.0.tgz"
                }
              }
            }
          }
        },
        "utils-merge": {
          "version": "http://registry.npm.taobao.org/utils-merge/download/utils-merge-1.0.0.tgz",
          "bundled": true
        },
        "vary": {
          "version": "http://registry.npm.taobao.org/vary/download/vary-1.1.2.tgz",
          "bundled": true
        }
      }
    },
    "flatpickr": {
      "version": "4.3.2",
      "resolved": "http://registry.npm.taobao.org/flatpickr/download/flatpickr-4.3.2.tgz",
      "integrity": "sha1-akdwQ8B17zbD/1T620m5NqZNY18=",
      "dev": true
    },
    "hotnode": {
      "version": "0.0.8",
      "resolved": "http://registry.npm.taobao.org/hotnode/download/hotnode-0.0.8.tgz",
      "integrity": "sha1-OtqmPVslLCbxKUXIJ9YSXGDIBzM=",
      "dev": true,
      "requires": {
        "watch": "0.5.0"
      },
      "dependencies": {
        "watch": {
          "version": "0.5.0",
          "resolved": "http://registry.npm.taobao.org/watch/download/watch-0.5.0.tgz",
          "integrity": "sha1-HrE5mzQglgEnQx76ZGtxjaFG038=",
          "dev": true
        }
      }
    },
    "inherits": {
      "version": "2.0.3",
      "resolved": "http://registry.npm.taobao.org/inherits/download/inherits-2.0.3.tgz",
      "dev": true
    },
    "jade": {
      "version": "1.11.0",
      "resolved": "http://registry.npm.taobao.org/jade/download/jade-1.11.0.tgz",
      "integrity": "sha1-nIDlOMEtP7lcjZu5VZ+gzAQEBf0=",
      "requires": {
        "character-parser": "1.2.1",
        "clean-css": "3.4.28",
        "commander": "2.6.0",
        "constantinople": "3.0.2",
        "jstransformer": "0.0.2",
        "mkdirp": "0.5.1",
        "transformers": "2.1.0",
        "uglify-js": "2.8.29",
        "void-elements": "2.0.1",
        "with": "4.0.3"
      },
      "dependencies": {
        "acorn": {
          "version": "2.7.0",
          "resolved": "http://registry.npm.taobao.org/acorn/download/acorn-2.7.0.tgz",
          "integrity": "sha1-q259nYhqrKiwhbwzEreaGYQz8Oc="
        },
        "character-parser": {
          "version": "1.2.1",
          "resolved": "http://registry.npm.taobao.org/character-parser/download/character-parser-1.2.1.tgz",
          "integrity": "sha1-wN3kqxgnE7kZuXCVmhI+zBow/NY="
        },
        "commander": {
          "version": "2.6.0",
          "resolved": "http://registry.npm.taobao.org/commander/download/commander-2.6.0.tgz",
          "integrity": "sha1-nfflL7Kgyw+4kFjugMMQQiXzfh0="
        },
        "constantinople": {
          "version": "3.0.2",
          "resolved": "http://registry.npm.taobao.org/constantinople/download/constantinople-3.0.2.tgz",
          "integrity": "sha1-S5RdmTeQe82Y7ldRIsOBdRZUQUE=",
          "requires": {
            "acorn": "2.7.0"
          }
        },
        "is-promise": {
          "version": "1.0.1",
          "resolved": "http://registry.npm.taobao.org/is-promise/download/is-promise-1.0.1.tgz",
          "integrity": "sha1-MVc3YcBX4zwukaq56W2gjO++duU="
        },
        "mkdirp": {
          "version": "0.5.1",
          "resolved": "http://registry.npm.taobao.org/mkdirp/download/mkdirp-0.5.1.tgz",
          "integrity": "sha1-MAV0OOrGz3+MR2fzhkjWaX11yQM=",
          "requires": {
            "minimist": "0.0.8"
          }
        },
        "promise": {
          "version": "2.0.0",
          "resolved": "http://registry.npm.taobao.org/promise/download/promise-2.0.0.tgz",
          "integrity": "sha1-RmSKqdYFr10ucMMCS/WUNtoCuA4=",
          "requires": {
            "is-promise": "1.0.1"
          }
        },
        "source-map": {
          "version": "0.1.43",
          "resolved": "http://registry.npm.taobao.org/source-map/download/source-map-0.1.43.tgz",
          "integrity": "sha1-wkvBRspRfBRx9drL4lcbK3+eM0Y=",
          "requires": {
            "amdefine": "1.0.1"
          }
        },
        "transformers": {
          "version": "2.1.0",
          "resolved": "http://registry.npm.taobao.org/transformers/download/transformers-2.1.0.tgz",
          "integrity": "sha1-XSPLNVYd2F3Gf7hIIwm0fVPM6ac=",
          "requires": {
            "css": "1.0.8",
            "promise": "2.0.0",
            "uglify-js": "2.2.5"
          },
          "dependencies": {
            "uglify-js": {
              "version": "2.2.5",
              "resolved": "http://registry.npm.taobao.org/uglify-js/download/uglify-js-2.2.5.tgz",
              "integrity": "sha1-puAqcNg5eSuXgEiLe4sYTAlcmcc=",
              "requires": {
                "optimist": "0.3.7",
                "source-map": "0.1.43"
              }
            }
          }
        },
        "with": {
          "version": "4.0.3",
          "resolved": "http://registry.npm.taobao.org/with/download/with-4.0.3.tgz",
          "integrity": "sha1-7v0VTp550sjTQXtkeo8U2f7M4U4=",
          "requires": {
            "acorn": "1.2.2",
            "acorn-globals": "1.0.9"
          },
          "dependencies": {
            "acorn": {
              "version": "1.2.2",
              "resolved": "http://registry.npm.taobao.org/acorn/download/acorn-1.2.2.tgz",
              "integrity": "sha1-yM4n3grMdtiW0rH6099YjZ6C8BQ="
            }
          }
        }
      }
    },
    "jstransformer": {
      "version": "0.0.2",
      "resolved": "http://registry.npm.taobao.org/jstransformer/download/jstransformer-0.0.2.tgz",
      "dependencies": {
        "is-promise": {
          "version": "http://registry.npm.taobao.org/is-promise/download/is-promise-2.1.0.tgz",
          "bundled": true
        },
        "promise": {
          "version": "http://registry.npm.taobao.org/promise/download/promise-6.1.0.tgz",
          "bundled": true
        }
      }
    },
    "minimist": {
      "version": "0.0.8",
      "resolved": "http://registry.npm.taobao.org/minimist/download/minimist-0.0.8.tgz"
    },
    "mkdirp": {
      "version": "0.5.1",
      "resolved": "http://registry.npm.taobao.org/mkdirp/download/mkdirp-0.5.1.tgz",
      "dev": true,
      "requires": {
        "minimist": "0.0.8"
      },
      "dependencies": {
        "minimist": {
          "version": "http://registry.npm.taobao.org/minimist/download/minimist-0.0.8.tgz"
        }
      }
    },
    "morgan": {
      "version": "1.9.0",
      "resolved": "http://registry.npm.taobao.org/morgan/download/morgan-1.9.0.tgz",
      "requires": {
        "debug": "2.6.9",
        "on-finished": "2.3.0"
      },
      "dependencies": {
        "basic-auth": {
          "version": "http://registry.npm.taobao.org/basic-auth/download/basic-auth-2.0.0.tgz",
          "bundled": true
        },
        "debug": {
          "version": "http://registry.npm.taobao.org/debug/download/debug-2.6.9.tgz",
          "bundled": true,
          "dependencies": {
            "ms": {
              "version": "http://registry.npm.taobao.org/ms/download/ms-2.0.0.tgz",
              "bundled": true
            }
          }
        },
        "depd": {
          "version": "http://registry.npm.taobao.org/depd/download/depd-1.1.2.tgz",
          "bundled": true
        },
        "on-finished": {
          "version": "http://registry.npm.taobao.org/on-finished/download/on-finished-2.3.0.tgz",
          "bundled": true,
          "dependencies": {
            "ee-first": {
              "version": "http://registry.npm.taobao.org/ee-first/download/ee-first-1.1.1.tgz",
              "bundled": true
            }
          }
        },
        "on-headers": {
          "version": "http://registry.npm.taobao.org/on-headers/download/on-headers-1.0.1.tgz",
          "bundled": true
        }
      }
    },
    "multer": {
      "version": "1.3.0",
      "resolved": "http://registry.npm.taobao.org/multer/download/multer-1.3.0.tgz",
      "integrity": "sha1-CSsmcPaEb6SRSWXvyM+Uwg/sbNI=",
      "dev": true,
      "requires": {
        "append-field": "0.1.0",
        "busboy": "0.2.14",
        "concat-stream": "1.6.1",
        "mkdirp": "0.5.1",
        "object-assign": "3.0.0",
        "on-finished": "2.3.0",
        "type-is": "1.6.16",
        "xtend": "4.0.1"
      },
      "dependencies": {
        "append-field": {
          "version": "0.1.0",
          "resolved": "http://registry.npm.taobao.org/append-field/download/append-field-0.1.0.tgz",
          "integrity": "sha1-bdxY+gg8e8VF08WZWygwzCNm1Eo=",
          "dev": true
        },
        "concat-stream": {
          "version": "1.6.1",
          "resolved": "http://registry.npm.taobao.org/concat-stream/download/concat-stream-1.6.1.tgz",
          "integrity": "sha1-JhuPUYMB8dg042NCuf6gldJiCiY=",
          "dev": true,
          "requires": {
            "inherits": "2.0.3",
            "readable-stream": "2.3.5",
            "typedarray": "0.0.6"
          }
        },
        "isarray": {
          "version": "1.0.0",
          "resolved": "http://registry.npm.taobao.org/isarray/download/isarray-1.0.0.tgz",
          "integrity": "sha1-u5NdSFgsuhaMBoNJV6VKPgcSTxE=",
          "dev": true
        },
        "object-assign": {
          "version": "3.0.0",
          "resolved": "http://registry.npm.taobao.org/object-assign/download/object-assign-3.0.0.tgz",
          "integrity": "sha1-m+3VygiXlJvKR+f/QIBi1Un1h/I=",
          "dev": true
        },
        "readable-stream": {
          "version": "2.3.5",
          "resolved": "http://registry.npm.taobao.org/readable-stream/download/readable-stream-2.3.5.tgz",
          "integrity": "sha1-tPhQA6k4y7bsvOKhJPsQEr0ag40=",
          "dev": true,
          "requires": {
            "core-util-is": "1.0.2",
            "inherits": "2.0.3",
            "isarray": "1.0.0",
            "process-nextick-args": "2.0.0",
            "safe-buffer": "5.1.1",
            "string_decoder": "1.0.3",
            "util-deprecate": "1.0.2"
          }
        },
        "string_decoder": {
          "version": "1.0.3",
          "resolved": "http://registry.npm.taobao.org/string_decoder/download/string_decoder-1.0.3.tgz",
          "integrity": "sha1-D8Z9fBQYJd6UKC3VNr7GubzoYKs=",
          "dev": true,
          "requires": {
            "safe-buffer": "5.1.1"
          }
        },
        "typedarray": {
          "version": "0.0.6",
          "resolved": "http://registry.npm.taobao.org/typedarray/download/typedarray-0.0.6.tgz",
          "integrity": "sha1-hnrHTjhkGHsdPUfZlqeOxciDB3c=",
          "dev": true
        },
        "util-deprecate": {
          "version": "1.0.2",
          "resolved": "http://registry.npm.taobao.org/util-deprecate/download/util-deprecate-1.0.2.tgz",
          "integrity": "sha1-RQ1Nyfpw3nMnYvvS1KKJgUGaDM8=",
          "dev": true
        },
        "xtend": {
          "version": "4.0.1",
          "resolved": "http://registry.npm.taobao.org/xtend/download/xtend-4.0.1.tgz",
          "integrity": "sha1-pcbVMr5lbiPbgg77lDofBJmNY68=",
          "dev": true
        }
      }
    },
    "on-finished": {
      "version": "2.3.0",
      "resolved": "http://registry.npm.taobao.org/on-finished/download/on-finished-2.3.0.tgz",
      "dependencies": {
        "ee-first": {
          "version": "http://registry.npm.taobao.org/ee-first/download/ee-first-1.1.1.tgz",
          "bundled": true
        }
      }
    },
    "optimist": {
      "version": "0.3.7",
      "resolved": "http://registry.npm.taobao.org/optimist/download/optimist-0.3.7.tgz",
      "dependencies": {
        "wordwrap": {
          "version": "http://registry.npm.taobao.org/wordwrap/download/wordwrap-0.0.3.tgz",
          "bundled": true
        }
      }
    },
    "process-nextick-args": {
      "version": "2.0.0",
      "resolved": "http://registry.npm.taobao.org/process-nextick-args/download/process-nextick-args-2.0.0.tgz",
      "dev": true
    },
    "request": {
      "version": "2.85.0",
      "resolved": "http://registry.npm.taobao.org/request/download/request-2.85.0.tgz",
      "dev": true,
      "requires": {
        "safe-buffer": "5.1.1"
      },
      "dependencies": {
        "aws-sign2": {
          "version": "http://registry.npm.taobao.org/aws-sign2/download/aws-sign2-0.7.0.tgz",
          "bundled": true
        },
        "aws4": {
          "version": "http://registry.npm.taobao.org/aws4/download/aws4-1.6.0.tgz",
          "bundled": true
        },
        "caseless": {
          "version": "http://registry.npm.taobao.org/caseless/download/caseless-0.12.0.tgz",
          "bundled": true
        },
        "combined-stream": {
          "version": "http://registry.npm.taobao.org/combined-stream/download/combined-stream-1.0.6.tgz",
          "bundled": true,
          "dependencies": {
            "delayed-stream": {
              "version": "http://registry.npm.taobao.org/delayed-stream/download/delayed-stream-1.0.0.tgz"
            }
          }
        },
        "extend": {
          "version": "http://registry.npm.taobao.org/extend/download/extend-3.0.1.tgz",
          "bundled": true
        },
        "forever-agent": {
          "version": "http://registry.npm.taobao.org/forever-agent/download/forever-agent-0.6.1.tgz",
          "bundled": true
        },
        "form-data": {
          "version": "http://registry.npm.taobao.org/form-data/download/form-data-2.3.2.tgz",
          "bundled": true,
          "dependencies": {
            "asynckit": {
              "version": "http://registry.npm.taobao.org/asynckit/download/asynckit-0.4.0.tgz"
            },
            "combined-stream": {
              "version": "http://registry.npm.taobao.org/combined-stream/download/combined-stream-1.0.6.tgz"
            },
            "mime-types": {
              "version": "http://registry.npm.taobao.org/mime-types/download/mime-types-2.1.18.tgz",
              "dependencies": {
                "mime-db": {
                  "version": "http://registry.npm.taobao.org/mime-db/download/mime-db-1.33.0.tgz"
                }
              }
            }
          }
        },
        "har-validator": {
          "version": "http://registry.npm.taobao.org/har-validator/download/har-validator-5.0.3.tgz",
          "bundled": true
        },
        "hawk": {
          "version": "http://registry.npm.taobao.org/hawk/download/hawk-6.0.2.tgz",
          "bundled": true
        },
        "http-signature": {
          "version": "http://registry.npm.taobao.org/http-signature/download/http-signature-1.2.0.tgz",
          "bundled": true
        },
        "is-typedarray": {
          "version": "http://registry.npm.taobao.org/is-typedarray/download/is-typedarray-1.0.0.tgz",
          "bundled": true
        },
        "isstream": {
          "version": "http://registry.npm.taobao.org/isstream/download/isstream-0.1.2.tgz",
          "bundled": true
        },
        "json-stringify-safe": {
          "version": "http://registry.npm.taobao.org/json-stringify-safe/download/json-stringify-safe-5.0.1.tgz",
          "bundled": true
        },
        "mime-types": {
          "version": "http://registry.npm.taobao.org/mime-types/download/mime-types-2.1.18.tgz",
          "bundled": true,
          "dependencies": {
            "mime-db": {
              "version": "http://registry.npm.taobao.org/mime-db/download/mime-db-1.33.0.tgz"
            }
          }
        },
        "oauth-sign": {
          "version": "http://registry.npm.taobao.org/oauth-sign/download/oauth-sign-0.8.2.tgz",
          "bundled": true
        },
        "performance-now": {
          "version": "http://registry.npm.taobao.org/performance-now/download/performance-now-2.1.0.tgz",
          "bundled": true
        },
        "qs": {
          "version": "http://registry.npm.taobao.org/qs/download/qs-6.5.1.tgz",
          "bundled": true
        },
        "safe-buffer": {
          "version": "http://registry.npm.taobao.org/safe-buffer/download/safe-buffer-5.1.1.tgz",
          "bundled": true
        },
        "stringstream": {
          "version": "http://registry.npm.taobao.org/stringstream/download/stringstream-0.0.5.tgz",
          "bundled": true
        },
        "tough-cookie": {
          "version": "http://registry.npm.taobao.org/tough-cookie/download/tough-cookie-2.3.4.tgz",
          "bundled": true
        },
        "tunnel-agent": {
          "version": "http://registry.npm.taobao.org/tunnel-agent/download/tunnel-agent-0.6.0.tgz",
          "bundled": true
        },
        "uuid": {
          "version": "http://registry.npm.taobao.org/uuid/download/uuid-3.2.1.tgz",
          "bundled": true
        }
      }
    },
    "safe-buffer": {
      "version": "5.1.1",
      "resolved": "http://registry.npm.taobao.org/safe-buffer/download/safe-buffer-5.1.1.tgz"
    },
    "serve-favicon": {
      "version": "2.4.5",
      "resolved": "http://registry.npm.taobao.org/serve-favicon/download/serve-favicon-2.4.5.tgz",
      "requires": {
        "safe-buffer": "5.1.1"
      },
      "dependencies": {
        "etag": {
          "version": "http://registry.npm.taobao.org/etag/download/etag-1.8.1.tgz",
          "bundled": true
        },
        "fresh": {
          "version": "http://registry.npm.taobao.org/fresh/download/fresh-0.5.2.tgz",
          "bundled": true
        },
        "ms": {
          "version": "http://registry.npm.taobao.org/ms/download/ms-2.0.0.tgz",
          "bundled": true
        },
        "parseurl": {
          "version": "http://registry.npm.taobao.org/parseurl/download/parseurl-1.3.2.tgz",
          "bundled": true
        },
        "safe-buffer": {
          "version": "http://registry.npm.taobao.org/safe-buffer/download/safe-buffer-5.1.1.tgz",
          "bundled": true
        }
      }
    },
    "type-is": {
      "version": "1.6.16",
      "resolved": "http://registry.npm.taobao.org/type-is/download/type-is-1.6.16.tgz",
      "dependencies": {
        "media-typer": {
          "version": "http://registry.npm.taobao.org/media-typer/download/media-typer-0.3.0.tgz",
          "bundled": true
        },
        "mime-types": {
          "version": "http://registry.npm.taobao.org/mime-types/download/mime-types-2.1.18.tgz",
          "bundled": true,
          "dependencies": {}
        }
      }
    },
    "uglify-js": {
      "version": "2.8.29",
      "resolved": "http://registry.npm.taobao.org/uglify-js/download/uglify-js-2.8.29.tgz",
      "dependencies": {
        "source-map": {
          "version": "http://registry.npm.taobao.org/source-map/download/source-map-0.5.7.tgz",
          "bundled": true
        },
        "uglify-to-browserify": {
          "version": "http://registry.npm.taobao.org/uglify-to-browserify/download/uglify-to-browserify-1.0.2.tgz",
          "bundled": true
        },
        "yargs": {
          "version": "http://registry.npm.taobao.org/yargs/download/yargs-3.10.0.tgz",
          "bundled": true
        }
      }
    },
    "void-elements": {
      "version": "2.0.1",
      "resolved": "http://registry.npm.taobao.org/void-elements/download/void-elements-2.0.1.tgz"
    }
  }
}
